
Microsoft Visual Studio Solution File, Format Version 12.00
# Visual Studio Version 17
VisualStudioVersion = 17.8.34511.84
MinimumVisualStudioVersion = 10.0.40219.1
Project("{9A19103F-16F7-4668-BE54-9A1E7A4F7556}") = "FormulaApp.API", "FormulaApp.API\FormulaApp.API.csproj", "{8AAED274-6B09-4AD8-973A-BE78F83C3D17}"
EndProject
Project("{9A19103F-16F7-4668-BE54-9A1E7A4F7556}") = "FormulaApp.Test", "FormulaApp.Test\FormulaApp.Test.csproj", "{B05DC95D-BEAC-46A0-A776-3B54E07FE484}"
EndProject
Global
	GlobalSection(SolutionConfigurationPlatforms) = preSolution
		Debug|Any CPU = Debug|Any CPU
		Release|Any CPU = Release|Any CPU
	EndGlobalSection
	GlobalSection(ProjectConfigurationPlatforms) = postSolution
		{8AAED274-6B09-4AD8-973A-BE78F83C3D17}.Debug|Any CPU.ActiveCfg = Debug|Any CPU
		{8AAED274-6B09-4AD8-973A-BE78F83C3D17}.Debug|Any CPU.Build.0 = Debug|Any CPU
		{8AAED274-6B09-4AD8-973A-BE78F83C3D17}.Release|Any CPU.ActiveCfg = Release|Any CPU
		{8AAED274-6B09-4AD8-973A-BE78F83C3D17}.Release|Any CPU.Build.0 = Release|Any CPU
		{B05DC95D-BEAC-46A0-A776-3B54E07FE484}.Debug|Any CPU.ActiveCfg = Debug|Any CPU
		{B05DC95D-BEAC-46A0-A776-3B54E07FE484}.Debug|Any CPU.Build.0 = Debug|Any CPU
		{B05DC95D-BEAC-46A0-A776-3B54E07FE484}.Release|Any CPU.ActiveCfg = Release|Any CPU
		{B05DC95D-BEAC-46A0-A776-3B54E07FE484}.Release|Any CPU.Build.0 = Release|Any CPU
	EndGlobalSection
	GlobalSection(SolutionProperties) = preSolution
		HideSolutionNode = FALSE
	EndGlobalSection
	GlobalSection(ExtensibilityGlobals) = postSolution
		SolutionGuid = {67557C4C-A698-44B6-B315-BEFB8121A654}
	EndGlobalSection
EndGlobal
